PODS:
  - FlexiblePageControl (1.0.5)
  - Kingfisher (4.8.1)
  - PNTMDraggablePlaceDetails (0.4.0):
    - FlexiblePageControl
    - Kingfisher
    - SnapKit
  - SnapKit (4.0.1)

DEPENDENCIES:
  - PNTMDraggablePlaceDetails (from `../`)

SPEC REPOS:
  https://github.com/cocoapods/specs.git:
    - FlexiblePageControl
    - Kingfisher
    - SnapKit

EXTERNAL SOURCES:
  PNTMDraggablePlaceDetails:
    :path: "../"

SPEC CHECKSUMS:
  FlexiblePageControl: 70caa5dad6603a7b361b154fa8b75295a8c44f9b
  Kingfisher: 868c1149679a7ab6869be118faa9b5aed154aaf0
  PNTMDraggablePlaceDetails: d8675a1e2a3819c8c43faa70fb7b3bb424b44178
  SnapKit: 0de968a9fec17499afa29683b05d0c775b6d1c29

PODFILE CHECKSUM: 3c1ceb740c65003f2ba90665fa8eb4eea399b766

COCOAPODS: 1.6.0.beta.2
